
Microsoft Visual Studio Solution File, Format Version 12.00
# Visual Studio 15
VisualStudioVersion = 15.0.28010.2036
MinimumVisualStudioVersion = 10.0.40219.1
Project("{FAE04EC0-301F-11D3-BF4B-00C04F79EFBC}") = "Les_console_git", "Les_console_git\Les_console_git.csproj", "{E2B386F9-90CA-41D3-8656-D5354CF4C64E}"
EndProject
Global
	GlobalSection(SolutionConfigurationPlatforms) = preSolution
		Debug|Any CPU = Debug|Any CPU
		Release|Any CPU = Release|Any CPU
	EndGlobalSection
	GlobalSection(ProjectConfigurationPlatforms) = postSolution
		{E2B386F9-90CA-41D3-8656-D5354CF4C64E}.Debug|Any CPU.ActiveCfg = Debug|Any CPU
		{E2B386F9-90CA-41D3-8656-D5354CF4C64E}.Debug|Any CPU.Build.0 = Debug|Any CPU
		{E2B386F9-90CA-41D3-8656-D5354CF4C64E}.Release|Any CPU.ActiveCfg = Release|Any CPU
		{E2B386F9-90CA-41D3-8656-D5354CF4C64E}.Release|Any CPU.Build.0 = Release|Any CPU
	EndGlobalSection
	GlobalSection(SolutionProperties) = preSolution
		HideSolutionNode = FALSE
	EndGlobalSection
	GlobalSection(ExtensibilityGlobals) = postSolution
		SolutionGuid = {3D715EEB-C345-4F0F-B15A-3B1650F22B7B}
	EndGlobalSection
EndGlobal
